
Microsoft Visual Studio Solution File, Format Version 11.00
# Visual Studio 2010
Project("{FAE04EC0-301F-11D3-BF4B-00C04F79EFBC}") = "WP7", "WP7\WP7.csproj", "{EE1469AF-E0D7-4CCD-9330-3E54BDDD54FF}"
EndProject
Global
	GlobalSection(SolutionConfigurationPlatforms) = preSolution
		Debug|Any CPU = Debug|Any CPU
		Release|Any CPU = Release|Any CPU
	EndGlobalSection
	GlobalSection(ProjectConfigurationPlatforms) = postSolution
		{EE1469AF-E0D7-4CCD-9330-3E54BDDD54FF}.Debug|Any CPU.ActiveCfg = Debug|Any CPU
		{EE1469AF-E0D7-4CCD-9330-3E54BDDD54FF}.Debug|Any CPU.Build.0 = Debug|Any CPU
		{EE1469AF-E0D7-4CCD-9330-3E54BDDD54FF}.Debug|Any CPU.Deploy.0 = Debug|Any CPU
		{EE1469AF-E0D7-4CCD-9330-3E54BDDD54FF}.Release|Any CPU.ActiveCfg = Release|Any CPU
		{EE1469AF-E0D7-4CCD-9330-3E54BDDD54FF}.Release|Any CPU.Build.0 = Release|Any CPU
		{EE1469AF-E0D7-4CCD-9330-3E54BDDD54FF}.Release|Any CPU.Deploy.0 = Release|Any CPU
	EndGlobalSection
	GlobalSection(SolutionProperties) = preSolution
		HideSolutionNode = FALSE
	EndGlobalSection
EndGlobal
