
Microsoft Visual Studio Solution File, Format Version 11.00
# Visual Studio 2010
Project("{CC5FD16D-436D-48AD-A40C-5A424C6E3E79}") = "InterpoolCloud", "InterpoolCloud\InterpoolCloud.ccproj", "{CDBC9488-E80C-4ED3-9C42-F56621EF7ADF}"
EndProject
Project("{FAE04EC0-301F-11D3-BF4B-00C04F79EFBC}") = "InterpoolCloudWebRole", "InterpoolCloudWebRole\InterpoolCloudWebRole.csproj", "{8316B726-7705-434D-BB23-7677E1AAB905}"
EndProject
Project("{2150E333-8FDC-42A3-9474-1A3956D46DE8}") = "Solution Items", "Solution Items", "{9B2B11C1-F8A0-4CBD-9D9D-79C82F9ABA8B}"
	ProjectSection(SolutionItems) = preProject
		InterpoolCloud.vsmdi = InterpoolCloud.vsmdi
		Local.testsettings = Local.testsettings
		TraceAndTestImpact.testsettings = TraceAndTestImpact.testsettings
	EndProjectSection
EndProject
Project("{FAE04EC0-301F-11D3-BF4B-00C04F79EFBC}") = "InterpoolCloudTest", "InterpoolCloudTest\InterpoolCloudTest.csproj", "{2403FD19-94E6-41AA-A972-7D28C2DC2153}"
EndProject
Project("{2150E333-8FDC-42A3-9474-1A3956D46DE8}") = "NewFolder1", "NewFolder1", "{6BC1CEAA-E8C2-495A-A551-2912D51474DE}"
EndProject
Global
	GlobalSection(TestCaseManagementSettings) = postSolution
		CategoryFile = InterpoolCloud.vsmdi
	EndGlobalSection
	GlobalSection(SolutionConfigurationPlatforms) = preSolution
		Debug|Any CPU = Debug|Any CPU
		Release|Any CPU = Release|Any CPU
	EndGlobalSection
	GlobalSection(ProjectConfigurationPlatforms) = postSolution
		{CDBC9488-E80C-4ED3-9C42-F56621EF7ADF}.Debug|Any CPU.ActiveCfg = Debug|Any CPU
		{CDBC9488-E80C-4ED3-9C42-F56621EF7ADF}.Debug|Any CPU.Build.0 = Debug|Any CPU
		{CDBC9488-E80C-4ED3-9C42-F56621EF7ADF}.Release|Any CPU.ActiveCfg = Release|Any CPU
		{CDBC9488-E80C-4ED3-9C42-F56621EF7ADF}.Release|Any CPU.Build.0 = Release|Any CPU
		{8316B726-7705-434D-BB23-7677E1AAB905}.Debug|Any CPU.ActiveCfg = Debug|Any CPU
		{8316B726-7705-434D-BB23-7677E1AAB905}.Debug|Any CPU.Build.0 = Debug|Any CPU
		{8316B726-7705-434D-BB23-7677E1AAB905}.Release|Any CPU.ActiveCfg = Release|Any CPU
		{8316B726-7705-434D-BB23-7677E1AAB905}.Release|Any CPU.Build.0 = Release|Any CPU
		{2403FD19-94E6-41AA-A972-7D28C2DC2153}.Debug|Any CPU.ActiveCfg = Debug|Any CPU
		{2403FD19-94E6-41AA-A972-7D28C2DC2153}.Debug|Any CPU.Build.0 = Debug|Any CPU
		{2403FD19-94E6-41AA-A972-7D28C2DC2153}.Release|Any CPU.ActiveCfg = Release|Any CPU
		{2403FD19-94E6-41AA-A972-7D28C2DC2153}.Release|Any CPU.Build.0 = Release|Any CPU
	EndGlobalSection
	GlobalSection(SolutionProperties) = preSolution
		HideSolutionNode = FALSE
	EndGlobalSection
EndGlobal
